// !$*UTF8*$!
{
	archiveVersion = 1;
	classes = {
	};
	objectVersion = 50;
	objects = {

/* Begin PBXBuildFile section */
		150EA08227D40DBD00FF3331 /* ROLabelFieldPopoverController.swift in Sources */ = {isa = PBXBuildFile; fileRef = 150EA08127D40DBD00FF3331 /* ROLabelFieldPopoverController.swift */; };
		150EA08F27D4BE1700FF3331 /* ROTableCellViewText.swift in Sources */ = {isa = PBXBuildFile; fileRef = 150EA08E27D4BE1700FF3331 /* ROTableCellViewText.swift */; };
		151FA62627A59A25004FB66B /* NSWindow+extension.swift in Sources */ = {isa = PBXBuildFile; fileRef = 151FA62527A59A25004FB66B /* NSWindow+extension.swift */; };
		151FA69D27B5E254004FB66B /* NSEvent+extension.swift in Sources */ = {isa = PBXBuildFile; fileRef = 151FA69C27B5E254004FB66B /* NSEvent+extension.swift */; };
		151FA6AB27B7BB81004FB66B /* NSMenuItem+extensions.swift in Sources */ = {isa = PBXBuildFile; fileRef = 151FA6AA27B7BB81004FB66B /* NSMenuItem+extensions.swift */; };
		1544BEE4273928AC008C657F /* LayoutConstant.swift in Sources */ = {isa = PBXBuildFile; fileRef = 1544BEE3273928AC008C657F /* LayoutConstant.swift */; };
		1574581B27EB273F00EABE9B /* ROTabViewController.swift in Sources */ = {isa = PBXBuildFile; fileRef = 1574581A27EB273F00EABE9B /* ROTabViewController.swift */; };
		15B72FF328427C990010F5B4 /* MessageLooper.swift in Sources */ = {isa = PBXBuildFile; fileRef = 15B72FF228427C990010F5B4 /* MessageLooper.swift */; };
		15F25C1C27E2944300862432 /* ROTextField.swift in Sources */ = {isa = PBXBuildFile; fileRef = 15F25C1B27E2944300862432 /* ROTextField.swift */; };
		15F58F162747E31400C2A186 /* ROLocalizableUIElement.swift in Sources */ = {isa = PBXBuildFile; fileRef = 15F58F152747E31400C2A186 /* ROLocalizableUIElement.swift */; };
		15F58F192747E3DB00C2A186 /* ROLocalizableUIElement.strings in Resources */ = {isa = PBXBuildFile; fileRef = 15F58F1B2747E3DB00C2A186 /* ROLocalizableUIElement.strings */; };
		15F58F1E2747E54C00C2A186 /* PopoverViewController.swift in Sources */ = {isa = PBXBuildFile; fileRef = 15F58F1D2747E54C00C2A186 /* PopoverViewController.swift */; };
		15F58F262749408B00C2A186 /* ROTableCellView.swift in Sources */ = {isa = PBXBuildFile; fileRef = 15F58F252749408B00C2A186 /* ROTableCellView.swift */; };
		9DA2F3112628BED7006629FF /* NSControl+extenstion.swift in Sources */ = {isa = PBXBuildFile; fileRef = 9DA2F3102628BED7006629FF /* NSControl+extenstion.swift */; };
		9DF6B743260F777700C4287C /* RoUI.framework in Frameworks */ = {isa = PBXBuildFile; fileRef = 9DF6B739260F777600C4287C /* RoUI.framework */; };
		9DF6B748260F777700C4287C /* RoUITests.swift in Sources */ = {isa = PBXBuildFile; fileRef = 9DF6B747260F777700C4287C /* RoUITests.swift */; };
		9DF6B74A260F777700C4287C /* RoUI.h in Headers */ = {isa = PBXBuildFile; fileRef = 9DF6B73C260F777600C4287C /* RoUI.h */; settings = {ATTRIBUTES = (Public, ); }; };
		9DF6B764260F784800C4287C /* ROWindow.swift in Sources */ = {isa = PBXBuildFile; fileRef = 9DF6B763260F784800C4287C /* ROWindow.swift */; };
		9DF6B78C260F92E900C4287C /* ROLocalizable.swift in Sources */ = {isa = PBXBuildFile; fileRef = 9DF6B78B260F92E900C4287C /* ROLocalizable.swift */; };
		9DF6B790260F934E00C4287C /* ROLocalizableStandardMenu.swift in Sources */ = {isa = PBXBuildFile; fileRef = 9DF6B78F260F934E00C4287C /* ROLocalizableStandardMenu.swift */; };
		9DF6B797260F93B000C4287C /* LocalizableStandardMenu.strings in Resources */ = {isa = PBXBuildFile; fileRef = 9DF6B799260F93B000C4287C /* LocalizableStandardMenu.strings */; };
		9DF6B7A0260F94CE00C4287C /* NSMenuItem+ApplicationMenu.swift in Sources */ = {isa = PBXBuildFile; fileRef = 9DF6B79F260F94CE00C4287C /* NSMenuItem+ApplicationMenu.swift */; };
		9DF6B82F2610D25C00C4287C /* ROGlobals.swift in Sources */ = {isa = PBXBuildFile; fileRef = 9DF6B82E2610D25C00C4287C /* ROGlobals.swift */; };
		9DF6B8922614477700C4287C /* ROKeyCode.swift in Sources */ = {isa = PBXBuildFile; fileRef = 9DF6B8912614477700C4287C /* ROKeyCode.swift */; };
		9DF6B899261447D600C4287C /* ROOutlineView.swift in Sources */ = {isa = PBXBuildFile; fileRef = 9DF6B898261447D600C4287C /* ROOutlineView.swift */; };
		9DF6B8A32614836200C4287C /* ROTableColumnDefinition.swift in Sources */ = {isa = PBXBuildFile; fileRef = 9DF6B8A22614836200C4287C /* ROTableColumnDefinition.swift */; };
		9DF6B8B62614D0F100C4287C /* NSTextField+extensions.swift in Sources */ = {isa = PBXBuildFile; fileRef = 9DF6B8B52614D0F100C4287C /* NSTextField+extensions.swift */; };
		9DF6B8BE2614D1B900C4287C /* NSView+extensions.swift in Sources */ = {isa = PBXBuildFile; fileRef = 9DF6B8BD2614D1B900C4287C /* NSView+extensions.swift */; };
		9DF6B8CF2616095D00C4287C /* ROMenuTable.swift in Sources */ = {isa = PBXBuildFile; fileRef = 9DF6B8CE2616095D00C4287C /* ROMenuTable.swift */; };
		9DF6B8D52616173F00C4287C /* ROPopoverController.swift in Sources */ = {isa = PBXBuildFile; fileRef = 9DF6B8D42616173F00C4287C /* ROPopoverController.swift */; };
		9DF6B8DE26162C7B00C4287C /* NumberFormatter+extensions.swift in Sources */ = {isa = PBXBuildFile; fileRef = 9DF6B8DD26162C7B00C4287C /* NumberFormatter+extensions.swift */; };
		9DF6B8E72616F6F800C4287C /* NSButton+extensions.swift in Sources */ = {isa = PBXBuildFile; fileRef = 9DF6B8E62616F6F800C4287C /* NSButton+extensions.swift */; };
		9DF6B92C2619AF3E00C4287C /* ROTableView.swift in Sources */ = {isa = PBXBuildFile; fileRef = 9DF6B92B2619AF3D00C4287C /* ROTableView.swift */; };
		9DF6B950261AFE8A00C4287C /* ROTabViewControllerOld.swift in Sources */ = {isa = PBXBuildFile; fileRef = 9DF6B94F261AFE8A00C4287C /* ROTabViewControllerOld.swift */; };
		9DF6B956261AFF9500C4287C /* ROTabViewController+TabController.swift in Sources */ = {isa = PBXBuildFile; fileRef = 9DF6B955261AFF9500C4287C /* ROTabViewController+TabController.swift */; };
		9DF6B95A261B046D00C4287C /* NSImage+extensions.swift in Sources */ = {isa = PBXBuildFile; fileRef = 9DF6B959261B046D00C4287C /* NSImage+extensions.swift */; };
		9DF6B95E261B2AB500C4287C /* ROTabViewController+SetupUI.swift in Sources */ = {isa = PBXBuildFile; fileRef = 9DF6B95D261B2AB500C4287C /* ROTabViewController+SetupUI.swift */; };
/* End PBXBuildFile section */

/* Begin PBXContainerItemProxy section */
		9DF6B744260F777700C4287C /* PBXContainerItemProxy */ = {
			isa = PBXContainerItemProxy;
			containerPortal = 9DF6B730260F777600C4287C /* Project object */;
			proxyType = 1;
			remoteGlobalIDString = 9DF6B738260F777600C4287C;
			remoteInfo = RoUI;
		};
/* End PBXContainerItemProxy section */

/* Begin PBXFileReference section */
		150EA08127D40DBD00FF3331 /* ROLabelFieldPopoverController.swift */ = {isa = PBXFileReference; lastKnownFileType = sourcecode.swift; path = ROLabelFieldPopoverController.swift; sourceTree = "<group>"; };
		150EA08E27D4BE1700FF3331 /* ROTableCellViewText.swift */ = {isa = PBXFileReference; lastKnownFileType = sourcecode.swift; path = ROTableCellViewText.swift; sourceTree = "<group>"; };
		151FA62527A59A25004FB66B /* NSWindow+extension.swift */ = {isa = PBXFileReference; lastKnownFileType = sourcecode.swift; path = "NSWindow+extension.swift"; sourceTree = "<group>"; };
		151FA69C27B5E254004FB66B /* NSEvent+extension.swift */ = {isa = PBXFileReference; lastKnownFileType = sourcecode.swift; path = "NSEvent+extension.swift"; sourceTree = "<group>"; };
		151FA6AA27B7BB81004FB66B /* NSMenuItem+extensions.swift */ = {isa = PBXFileReference; lastKnownFileType = sourcecode.swift; path = "NSMenuItem+extensions.swift"; sourceTree = "<group>"; };
		1544BEE3273928AC008C657F /* LayoutConstant.swift */ = {isa = PBXFileReference; lastKnownFileType = sourcecode.swift; path = LayoutConstant.swift; sourceTree = "<group>"; };
		1574581A27EB273F00EABE9B /* ROTabViewController.swift */ = {isa = PBXFileReference; lastKnownFileType = sourcecode.swift; path = ROTabViewController.swift; sourceTree = "<group>"; };
		15B72FF228427C990010F5B4 /* MessageLooper.swift */ = {isa = PBXFileReference; lastKnownFileType = sourcecode.swift; path = MessageLooper.swift; sourceTree = "<group>"; };
		15F25C1B27E2944300862432 /* ROTextField.swift */ = {isa = PBXFileReference; lastKnownFileType = sourcecode.swift; path = ROTextField.swift; sourceTree = "<group>"; };
		15F58F152747E31400C2A186 /* ROLocalizableUIElement.swift */ = {isa = PBXFileReference; lastKnownFileType = sourcecode.swift; path = ROLocalizableUIElement.swift; sourceTree = "<group>"; };
		15F58F1A2747E3DB00C2A186 /* en */ = {isa = PBXFileReference; lastKnownFileType = text.plist.strings; name = en; path = en.lproj/ROLocalizableUIElement.strings; sourceTree = "<group>"; };
		15F58F1C2747E3DE00C2A186 /* de */ = {isa = PBXFileReference; lastKnownFileType = text.plist.strings; name = de; path = de.lproj/ROLocalizableUIElement.strings; sourceTree = "<group>"; };
		15F58F1D2747E54C00C2A186 /* PopoverViewController.swift */ = {isa = PBXFileReference; lastKnownFileType = sourcecode.swift; path = PopoverViewController.swift; sourceTree = "<group>"; };
		15F58F252749408B00C2A186 /* ROTableCellView.swift */ = {isa = PBXFileReference; lastKnownFileType = sourcecode.swift; path = ROTableCellView.swift; sourceTree = "<group>"; };
		9DA2F3102628BED7006629FF /* NSControl+extenstion.swift */ = {isa = PBXFileReference; fileEncoding = 4; lastKnownFileType = sourcecode.swift; path = "NSControl+extenstion.swift"; sourceTree = "<group>"; };
		9DF6B739260F777600C4287C /* RoUI.framework */ = {isa = PBXFileReference; explicitFileType = wrapper.framework; includeInIndex = 0; path = RoUI.framework; sourceTree = BUILT_PRODUCTS_DIR; };
		9DF6B73C260F777600C4287C /* RoUI.h */ = {isa = PBXFileReference; lastKnownFileType = sourcecode.c.h; path = RoUI.h; sourceTree = "<group>"; };
		9DF6B73D260F777600C4287C /* Info.plist */ = {isa = PBXFileReference; lastKnownFileType = text.plist.xml; path = Info.plist; sourceTree = "<group>"; };
		9DF6B742260F777700C4287C /* RoUITests.xctest */ = {isa = PBXFileReference; explicitFileType = wrapper.cfbundle; includeInIndex = 0; path = RoUITests.xctest; sourceTree = BUILT_PRODUCTS_DIR; };
		9DF6B747260F777700C4287C /* RoUITests.swift */ = {isa = PBXFileReference; lastKnownFileType = sourcecode.swift; path = RoUITests.swift; sourceTree = "<group>"; };
		9DF6B749260F777700C4287C /* Info.plist */ = {isa = PBXFileReference; lastKnownFileType = text.plist.xml; path = Info.plist; sourceTree = "<group>"; };
		9DF6B763260F784800C4287C /* ROWindow.swift */ = {isa = PBXFileReference; lastKnownFileType = sourcecode.swift; path = ROWindow.swift; sourceTree = "<group>"; };
		9DF6B78B260F92E900C4287C /* ROLocalizable.swift */ = {isa = PBXFileReference; lastKnownFileType = sourcecode.swift; path = ROLocalizable.swift; sourceTree = "<group>"; };
		9DF6B78F260F934E00C4287C /* ROLocalizableStandardMenu.swift */ = {isa = PBXFileReference; lastKnownFileType = sourcecode.swift; path = ROLocalizableStandardMenu.swift; sourceTree = "<group>"; };
		9DF6B798260F93B000C4287C /* en */ = {isa = PBXFileReference; lastKnownFileType = text.plist.strings; name = en; path = en.lproj/LocalizableStandardMenu.strings; sourceTree = "<group>"; };
		9DF6B79C260F940300C4287C /* de */ = {isa = PBXFileReference; lastKnownFileType = text.plist.strings; name = de; path = de.lproj/LocalizableStandardMenu.strings; sourceTree = "<group>"; };
		9DF6B79F260F94CE00C4287C /* NSMenuItem+ApplicationMenu.swift */ = {isa = PBXFileReference; lastKnownFileType = sourcecode.swift; path = "NSMenuItem+ApplicationMenu.swift"; sourceTree = "<group>"; };
		9DF6B82E2610D25C00C4287C /* ROGlobals.swift */ = {isa = PBXFileReference; lastKnownFileType = sourcecode.swift; path = ROGlobals.swift; sourceTree = "<group>"; };
		9DF6B8912614477700C4287C /* ROKeyCode.swift */ = {isa = PBXFileReference; fileEncoding = 4; lastKnownFileType = sourcecode.swift; path = ROKeyCode.swift; sourceTree = "<group>"; };
		9DF6B898261447D600C4287C /* ROOutlineView.swift */ = {isa = PBXFileReference; lastKnownFileType = sourcecode.swift; path = ROOutlineView.swift; sourceTree = "<group>"; };
		9DF6B8A22614836200C4287C /* ROTableColumnDefinition.swift */ = {isa = PBXFileReference; lastKnownFileType = sourcecode.swift; path = ROTableColumnDefinition.swift; sourceTree = "<group>"; };
		9DF6B8B52614D0F100C4287C /* NSTextField+extensions.swift */ = {isa = PBXFileReference; lastKnownFileType = sourcecode.swift; path = "NSTextField+extensions.swift"; sourceTree = "<group>"; };
		9DF6B8BD2614D1B900C4287C /* NSView+extensions.swift */ = {isa = PBXFileReference; lastKnownFileType = sourcecode.swift; path = "NSView+extensions.swift"; sourceTree = "<group>"; };
		9DF6B8CE2616095D00C4287C /* ROMenuTable.swift */ = {isa = PBXFileReference; lastKnownFileType = sourcecode.swift; path = ROMenuTable.swift; sourceTree = "<group>"; };
		9DF6B8D42616173F00C4287C /* ROPopoverController.swift */ = {isa = PBXFileReference; lastKnownFileType = sourcecode.swift; path = ROPopoverController.swift; sourceTree = "<group>"; };
		9DF6B8DD26162C7B00C4287C /* NumberFormatter+extensions.swift */ = {isa = PBXFileReference; lastKnownFileType = sourcecode.swift; path = "NumberFormatter+extensions.swift"; sourceTree = "<group>"; };
		9DF6B8E62616F6F800C4287C /* NSButton+extensions.swift */ = {isa = PBXFileReference; lastKnownFileType = sourcecode.swift; path = "NSButton+extensions.swift"; sourceTree = "<group>"; };
		9DF6B92B2619AF3D00C4287C /* ROTableView.swift */ = {isa = PBXFileReference; lastKnownFileType = sourcecode.swift; path = ROTableView.swift; sourceTree = "<group>"; };
		9DF6B94F261AFE8A00C4287C /* ROTabViewControllerOld.swift */ = {isa = PBXFileReference; lastKnownFileType = sourcecode.swift; path = ROTabViewControllerOld.swift; sourceTree = "<group>"; };
		9DF6B955261AFF9500C4287C /* ROTabViewController+TabController.swift */ = {isa = PBXFileReference; lastKnownFileType = sourcecode.swift; path = "ROTabViewController+TabController.swift"; sourceTree = "<group>"; };
		9DF6B959261B046D00C4287C /* NSImage+extensions.swift */ = {isa = PBXFileReference; lastKnownFileType = sourcecode.swift; path = "NSImage+extensions.swift"; sourceTree = "<group>"; };
		9DF6B95D261B2AB500C4287C /* ROTabViewController+SetupUI.swift */ = {isa = PBXFileReference; lastKnownFileType = sourcecode.swift; path = "ROTabViewController+SetupUI.swift"; sourceTree = "<group>"; };
/* End PBXFileReference section */

/* Begin PBXFrameworksBuildPhase section */
		9DF6B736260F777600C4287C /* Frameworks */ = {
			isa = PBXFrameworksBuildPhase;
			buildActionMask = 2147483647;
			files = (
			);
			runOnlyForDeploymentPostprocessing = 0;
		};
		9DF6B73F260F777700C4287C /* Frameworks */ = {
			isa = PBXFrameworksBuildPhase;
			buildActionMask = 2147483647;
			files = (
				9DF6B743260F777700C4287C /* RoUI.framework in Frameworks */,
			);
			runOnlyForDeploymentPostprocessing = 0;
		};
/* End PBXFrameworksBuildPhase section */

/* Begin PBXGroup section */
		15B72FF128427C4E0010F5B4 /* MessageLooper */ = {
			isa = PBXGroup;
			children = (
				15B72FF228427C990010F5B4 /* MessageLooper.swift */,
			);
			path = MessageLooper;
			sourceTree = "<group>";
		};
		15F58F142747E29400C2A186 /* Popover */ = {
			isa = PBXGroup;
			children = (
				15F58F1D2747E54C00C2A186 /* PopoverViewController.swift */,
				150EA08127D40DBD00FF3331 /* ROLabelFieldPopoverController.swift */,
			);
			path = Popover;
			sourceTree = "<group>";
		};
		9DF6B72F260F777600C4287C = {
			isa = PBXGroup;
			children = (
				9DF6B73B260F777600C4287C /* RoUI */,
				9DF6B746260F777700C4287C /* RoUITests */,
				9DF6B73A260F777600C4287C /* Products */,
			);
			sourceTree = "<group>";
		};
		9DF6B73A260F777600C4287C /* Products */ = {
			isa = PBXGroup;
			children = (
				9DF6B739260F777600C4287C /* RoUI.framework */,
				9DF6B742260F777700C4287C /* RoUITests.xctest */,
			);
			name = Products;
			sourceTree = "<group>";
		};
		9DF6B73B260F777600C4287C /* RoUI */ = {
			isa = PBXGroup;
			children = (
				9DF6B761260F77C500C4287C /* Classes */,
				9DF6B73C260F777600C4287C /* RoUI.h */,
				9DF6B73D260F777600C4287C /* Info.plist */,
			);
			path = RoUI;
			sourceTree = "<group>";
		};
		9DF6B746260F777700C4287C /* RoUITests */ = {
			isa = PBXGroup;
			children = (
				9DF6B747260F777700C4287C /* RoUITests.swift */,
				9DF6B749260F777700C4287C /* Info.plist */,
			);
			path = RoUITests;
			sourceTree = "<group>";
		};
		9DF6B761260F77C500C4287C /* Classes */ = {
			isa = PBXGroup;
			children = (
				15B72FF128427C4E0010F5B4 /* MessageLooper */,
				9DF6B8B42614D0D200C4287C /* Extensions */,
				9DF6B897261447C200C4287C /* Elements */,
				9DF6B82D2610D23E00C4287C /* Definitions */,
				9DF6B78A260F92C900C4287C /* Localizable */,
				9DF6B789260F926900C4287C /* Menu */,
				9DF6B762260F77D600C4287C /* Window */,
			);
			path = Classes;
			sourceTree = "<group>";
		};
		9DF6B762260F77D600C4287C /* Window */ = {
			isa = PBXGroup;
			children = (
				9DF6B763260F784800C4287C /* ROWindow.swift */,
				9DF6B8D42616173F00C4287C /* ROPopoverController.swift */,
			);
			path = Window;
			sourceTree = "<group>";
		};
		9DF6B789260F926900C4287C /* Menu */ = {
			isa = PBXGroup;
			children = (
				9DF6B78F260F934E00C4287C /* ROLocalizableStandardMenu.swift */,
				9DF6B799260F93B000C4287C /* LocalizableStandardMenu.strings */,
				9DF6B79F260F94CE00C4287C /* NSMenuItem+ApplicationMenu.swift */,
				9DF6B8CE2616095D00C4287C /* ROMenuTable.swift */,
			);
			path = Menu;
			sourceTree = "<group>";
		};
		9DF6B78A260F92C900C4287C /* Localizable */ = {
			isa = PBXGroup;
			children = (
				9DF6B78B260F92E900C4287C /* ROLocalizable.swift */,
				15F58F152747E31400C2A186 /* ROLocalizableUIElement.swift */,
				15F58F1B2747E3DB00C2A186 /* ROLocalizableUIElement.strings */,
			);
			path = Localizable;
			sourceTree = "<group>";
		};
		9DF6B82D2610D23E00C4287C /* Definitions */ = {
			isa = PBXGroup;
			children = (
				9DF6B8912614477700C4287C /* ROKeyCode.swift */,
				9DF6B82E2610D25C00C4287C /* ROGlobals.swift */,
				1544BEE3273928AC008C657F /* LayoutConstant.swift */,
			);
			path = Definitions;
			sourceTree = "<group>";
		};
		9DF6B897261447C200C4287C /* Elements */ = {
			isa = PBXGroup;
			children = (
				15F58F142747E29400C2A186 /* Popover */,
				9DF6B94E261AFE6400C4287C /* TabView */,
				9DF6B898261447D600C4287C /* ROOutlineView.swift */,
				9DF6B92B2619AF3D00C4287C /* ROTableView.swift */,
				9DF6B8A22614836200C4287C /* ROTableColumnDefinition.swift */,
				15F58F252749408B00C2A186 /* ROTableCellView.swift */,
				150EA08E27D4BE1700FF3331 /* ROTableCellViewText.swift */,
				15F25C1B27E2944300862432 /* ROTextField.swift */,
				1574581A27EB273F00EABE9B /* ROTabViewController.swift */,
			);
			path = Elements;
			sourceTree = "<group>";
		};
		9DF6B8B42614D0D200C4287C /* Extensions */ = {
			isa = PBXGroup;
			children = (
				9DA2F3102628BED7006629FF /* NSControl+extenstion.swift */,
				9DF6B8B52614D0F100C4287C /* NSTextField+extensions.swift */,
				9DF6B8BD2614D1B900C4287C /* NSView+extensions.swift */,
				9DF6B8DD26162C7B00C4287C /* NumberFormatter+extensions.swift */,
				9DF6B8E62616F6F800C4287C /* NSButton+extensions.swift */,
				9DF6B959261B046D00C4287C /* NSImage+extensions.swift */,
				151FA62527A59A25004FB66B /* NSWindow+extension.swift */,
				151FA69C27B5E254004FB66B /* NSEvent+extension.swift */,
				151FA6AA27B7BB81004FB66B /* NSMenuItem+extensions.swift */,
			);
			path = Extensions;
			sourceTree = "<group>";
		};
		9DF6B94E261AFE6400C4287C /* TabView */ = {
			isa = PBXGroup;
			children = (
				9DF6B94F261AFE8A00C4287C /* ROTabViewControllerOld.swift */,
				9DF6B95D261B2AB500C4287C /* ROTabViewController+SetupUI.swift */,
				9DF6B955261AFF9500C4287C /* ROTabViewController+TabController.swift */,
			);
			path = TabView;
			sourceTree = "<group>";
		};
/* End PBXGroup section */

/* Begin PBXHeadersBuildPhase section */
		9DF6B734260F777600C4287C /* Headers */ = {
			isa = PBXHeadersBuildPhase;
			buildActionMask = 2147483647;
			files = (
				9DF6B74A260F777700C4287C /* RoUI.h in Headers */,
			);
			runOnlyForDeploymentPostprocessing = 0;
		};
/* End PBXHeadersBuildPhase section */

/* Begin PBXNativeTarget section */
		9DF6B738260F777600C4287C /* RoUI */ = {
			isa = PBXNativeTarget;
			buildConfigurationList = 9DF6B74D260F777700C4287C /* Build configuration list for PBXNativeTarget "RoUI" */;
			buildPhases = (
				9DF6B734260F777600C4287C /* Headers */,
				9DF6B735260F777600C4287C /* Sources */,
				9DF6B736260F777600C4287C /* Frameworks */,
				9DF6B737260F777600C4287C /* Resources */,
			);
			buildRules = (
			);
			dependencies = (
			);
			name = RoUI;
			productName = RoUI;
			productReference = 9DF6B739260F777600C4287C /* RoUI.framework */;
			productType = "com.apple.product-type.framework";
		};
		9DF6B741260F777700C4287C /* RoUITests */ = {
			isa = PBXNativeTarget;
			buildConfigurationList = 9DF6B750260F777700C4287C /* Build configuration list for PBXNativeTarget "RoUITests" */;
			buildPhases = (
				9DF6B73E260F777700C4287C /* Sources */,
				9DF6B73F260F777700C4287C /* Frameworks */,
				9DF6B740260F777700C4287C /* Resources */,
			);
			buildRules = (
			);
			dependencies = (
				9DF6B745260F777700C4287C /* PBXTargetDependency */,
			);
			name = RoUITests;
			productName = RoUITests;
			productReference = 9DF6B742260F777700C4287C /* RoUITests.xctest */;
			productType = "com.apple.product-type.bundle.unit-test";
		};
/* End PBXNativeTarget section */

/* Begin PBXProject section */
		9DF6B730260F777600C4287C /* Project object */ = {
			isa = PBXProject;
			attributes = {
				LastSwiftUpdateCheck = 1240;
				LastUpgradeCheck = 1410;
				TargetAttributes = {
					9DF6B738260F777600C4287C = {
						CreatedOnToolsVersion = 12.4;
						LastSwiftMigration = 1240;
					};
					9DF6B741260F777700C4287C = {
						CreatedOnToolsVersion = 12.4;
					};
				};
			};
			buildConfigurationList = 9DF6B733260F777600C4287C /* Build configuration list for PBXProject "RoUI" */;
			compatibilityVersion = "Xcode 9.3";
			developmentRegion = en;
			hasScannedForEncodings = 0;
			knownRegions = (
				en,
				Base,
				de,
			);
			mainGroup = 9DF6B72F260F777600C4287C;
			productRefGroup = 9DF6B73A260F777600C4287C /* Products */;
			projectDirPath = "";
			projectRoot = "";
			targets = (
				9DF6B738260F777600C4287C /* RoUI */,
				9DF6B741260F777700C4287C /* RoUITests */,
			);
		};
/* End PBXProject section */

/* Begin PBXResourcesBuildPhase section */
		9DF6B737260F777600C4287C /* Resources */ = {
			isa = PBXResourcesBuildPhase;
			buildActionMask = 2147483647;
			files = (
				9DF6B797260F93B000C4287C /* LocalizableStandardMenu.strings in Resources */,
				15F58F192747E3DB00C2A186 /* ROLocalizableUIElement.strings in Resources */,
			);
			runOnlyForDeploymentPostprocessing = 0;
		};
		9DF6B740260F777700C4287C /* Resources */ = {
			isa = PBXResourcesBuildPhase;
			buildActionMask = 2147483647;
			files = (
			);
			runOnlyForDeploymentPostprocessing = 0;
		};
/* End PBXResourcesBuildPhase section */

/* Begin PBXSourcesBuildPhase section */
		9DF6B735260F777600C4287C /* Sources */ = {
			isa = PBXSourcesBuildPhase;
			buildActionMask = 2147483647;
			files = (
				9DF6B8B62614D0F100C4287C /* NSTextField+extensions.swift in Sources */,
				9DF6B8A32614836200C4287C /* ROTableColumnDefinition.swift in Sources */,
				150EA08F27D4BE1700FF3331 /* ROTableCellViewText.swift in Sources */,
				9DF6B78C260F92E900C4287C /* ROLocalizable.swift in Sources */,
				151FA69D27B5E254004FB66B /* NSEvent+extension.swift in Sources */,
				9DF6B92C2619AF3E00C4287C /* ROTableView.swift in Sources */,
				9DF6B8D52616173F00C4287C /* ROPopoverController.swift in Sources */,
				9DF6B8E72616F6F800C4287C /* NSButton+extensions.swift in Sources */,
				9DF6B899261447D600C4287C /* ROOutlineView.swift in Sources */,
				9DF6B8DE26162C7B00C4287C /* NumberFormatter+extensions.swift in Sources */,
				15F58F1E2747E54C00C2A186 /* PopoverViewController.swift in Sources */,
				150EA08227D40DBD00FF3331 /* ROLabelFieldPopoverController.swift in Sources */,
				9DF6B82F2610D25C00C4287C /* ROGlobals.swift in Sources */,
				15B72FF328427C990010F5B4 /* MessageLooper.swift in Sources */,
				9DA2F3112628BED7006629FF /* NSControl+extenstion.swift in Sources */,
				1544BEE4273928AC008C657F /* LayoutConstant.swift in Sources */,
				9DF6B8BE2614D1B900C4287C /* NSView+extensions.swift in Sources */,
				1574581B27EB273F00EABE9B /* ROTabViewController.swift in Sources */,
				9DF6B95A261B046D00C4287C /* NSImage+extensions.swift in Sources */,
				9DF6B764260F784800C4287C /* ROWindow.swift in Sources */,
				9DF6B8922614477700C4287C /* ROKeyCode.swift in Sources */,
				151FA6AB27B7BB81004FB66B /* NSMenuItem+extensions.swift in Sources */,
				15F25C1C27E2944300862432 /* ROTextField.swift in Sources */,
				9DF6B7A0260F94CE00C4287C /* NSMenuItem+ApplicationMenu.swift in Sources */,
				9DF6B8CF2616095D00C4287C /* ROMenuTable.swift in Sources */,
				9DF6B956261AFF9500C4287C /* ROTabViewController+TabController.swift in Sources */,
				15F58F162747E31400C2A186 /* ROLocalizableUIElement.swift in Sources */,
				15F58F262749408B00C2A186 /* ROTableCellView.swift in Sources */,
				9DF6B790260F934E00C4287C /* ROLocalizableStandardMenu.swift in Sources */,
				9DF6B950261AFE8A00C4287C /* ROTabViewControllerOld.swift in Sources */,
				151FA62627A59A25004FB66B /* NSWindow+extension.swift in Sources */,
				9DF6B95E261B2AB500C4287C /* ROTabViewController+SetupUI.swift in Sources */,
			);
			runOnlyForDeploymentPostprocessing = 0;
		};
		9DF6B73E260F777700C4287C /* Sources */ = {
			isa = PBXSourcesBuildPhase;
			buildActionMask = 2147483647;
			files = (
				9DF6B748260F777700C4287C /* RoUITests.swift in Sources */,
			);
			runOnlyForDeploymentPostprocessing = 0;
		};
/* End PBXSourcesBuildPhase section */

/* Begin PBXTargetDependency section */
		9DF6B745260F777700C4287C /* PBXTargetDependency */ = {
			isa = PBXTargetDependency;
			target = 9DF6B738260F777600C4287C /* RoUI */;
			targetProxy = 9DF6B744260F777700C4287C /* PBXContainerItemProxy */;
		};
/* End PBXTargetDependency section */

/* Begin PBXVariantGroup section */
		15F58F1B2747E3DB00C2A186 /* ROLocalizableUIElement.strings */ = {
			isa = PBXVariantGroup;
			children = (
				15F58F1A2747E3DB00C2A186 /* en */,
				15F58F1C2747E3DE00C2A186 /* de */,
			);
			name = ROLocalizableUIElement.strings;
			sourceTree = "<group>";
		};
		9DF6B799260F93B000C4287C /* LocalizableStandardMenu.strings */ = {
			isa = PBXVariantGroup;
			children = (
				9DF6B798260F93B000C4287C /* en */,
				9DF6B79C260F940300C4287C /* de */,
			);
			name = LocalizableStandardMenu.strings;
			sourceTree = "<group>";
		};
/* End PBXVariantGroup section */

/* Begin XCBuildConfiguration section */
		9DF6B74B260F777700C4287C /* Debug */ = {
			isa = XCBuildConfiguration;
			buildSettings = {
				ALWAYS_SEARCH_USER_PATHS = NO;
				CLANG_ANALYZER_LOCALIZABILITY_NONLOCALIZED = YES;
				CLANG_ANALYZER_NONNULL = YES;
				CLANG_ANALYZER_NUMBER_OBJECT_CONVERSION = YES_AGGRESSIVE;
				CLANG_CXX_LANGUAGE_STANDARD = "gnu++14";
				CLANG_CXX_LIBRARY = "libc++";
				CLANG_ENABLE_MODULES = YES;
				CLANG_ENABLE_OBJC_ARC = YES;
				CLANG_ENABLE_OBJC_WEAK = YES;
				CLANG_WARN_BLOCK_CAPTURE_AUTORELEASING = YES;
				CLANG_WARN_BOOL_CONVERSION = YES;
				CLANG_WARN_COMMA = YES;
				CLANG_WARN_CONSTANT_CONVERSION = YES;
				CLANG_WARN_DEPRECATED_OBJC_IMPLEMENTATIONS = YES;
				CLANG_WARN_DIRECT_OBJC_ISA_USAGE = YES_ERROR;
				CLANG_WARN_DOCUMENTATION_COMMENTS = YES;
				CLANG_WARN_EMPTY_BODY = YES;
				CLANG_WARN_ENUM_CONVERSION = YES;
				CLANG_WARN_INFINITE_RECURSION = YES;
				CLANG_WARN_INT_CONVERSION = YES;
				CLANG_WARN_NON_LITERAL_NULL_CONVERSION = YES;
				CLANG_WARN_OBJC_IMPLICIT_RETAIN_SELF = YES;
				CLANG_WARN_OBJC_LITERAL_CONVERSION = YES;
				CLANG_WARN_OBJC_ROOT_CLASS = YES_ERROR;
				CLANG_WARN_QUOTED_INCLUDE_IN_FRAMEWORK_HEADER = YES;
				CLANG_WARN_RANGE_LOOP_ANALYSIS = YES;
				CLANG_WARN_STRICT_PROTOTYPES = YES;
				CLANG_WARN_SUSPICIOUS_MOVE = YES;
				CLANG_WARN_UNGUARDED_AVAILABILITY = YES_AGGRESSIVE;
				CLANG_WARN_UNREACHABLE_CODE = YES;
				CLANG_WARN__DUPLICATE_METHOD_MATCH = YES;
				COPY_PHASE_STRIP = NO;
				CURRENT_PROJECT_VERSION = 1;
				DEAD_CODE_STRIPPING = YES;
				DEBUG_INFORMATION_FORMAT = dwarf;
				ENABLE_STRICT_OBJC_MSGSEND = YES;
				ENABLE_TESTABILITY = YES;
				GCC_C_LANGUAGE_STANDARD = gnu11;
				GCC_DYNAMIC_NO_PIC = NO;
				GCC_NO_COMMON_BLOCKS = YES;
				GCC_OPTIMIZATION_LEVEL = 0;
				GCC_PREPROCESSOR_DEFINITIONS = (
					"DEBUG=1",
					"$(inherited)",
				);
				GCC_WARN_64_TO_32_BIT_CONVERSION = YES;
				GCC_WARN_ABOUT_RETURN_TYPE = YES_ERROR;
				GCC_WARN_UNDECLARED_SELECTOR = YES;
				GCC_WARN_UNINITIALIZED_AUTOS = YES_AGGRESSIVE;
				GCC_WARN_UNUSED_FUNCTION = YES;
				GCC_WARN_UNUSED_VARIABLE = YES;
				MACOSX_DEPLOYMENT_TARGET = 10.15;
				MTL_ENABLE_DEBUG_INFO = INCLUDE_SOURCE;
				MTL_FAST_MATH = YES;
				ONLY_ACTIVE_ARCH = YES;
				RUN_DOCUMENTATION_COMPILER = YES;
				SDKROOT = macosx;
				SWIFT_ACTIVE_COMPILATION_CONDITIONS = DEBUG;
				SWIFT_OPTIMIZATION_LEVEL = "-Onone";
				VERSIONING_SYSTEM = "apple-generic";
				VERSION_INFO_PREFIX = "";
			};
			name = Debug;
		};
		9DF6B74C260F777700C4287C /* Release */ = {
			isa = XCBuildConfiguration;
			buildSettings = {
				ALWAYS_SEARCH_USER_PATHS = NO;
				CLANG_ANALYZER_LOCALIZABILITY_NONLOCALIZED = YES;
				CLANG_ANALYZER_NONNULL = YES;
				CLANG_ANALYZER_NUMBER_OBJECT_CONVERSION = YES_AGGRESSIVE;
				CLANG_CXX_LANGUAGE_STANDARD = "gnu++14";
				CLANG_CXX_LIBRARY = "libc++";
				CLANG_ENABLE_MODULES = YES;
				CLANG_ENABLE_OBJC_ARC = YES;
				CLANG_ENABLE_OBJC_WEAK = YES;
				CLANG_WARN_BLOCK_CAPTURE_AUTORELEASING = YES;
				CLANG_WARN_BOOL_CONVERSION = YES;
				CLANG_WARN_COMMA = YES;
				CLANG_WARN_CONSTANT_CONVERSION = YES;
				CLANG_WARN_DEPRECATED_OBJC_IMPLEMENTATIONS = YES;
				CLANG_WARN_DIRECT_OBJC_ISA_USAGE = YES_ERROR;
				CLANG_WARN_DOCUMENTATION_COMMENTS = YES;
				CLANG_WARN_EMPTY_BODY = YES;
				CLANG_WARN_ENUM_CONVERSION = YES;
				CLANG_WARN_INFINITE_RECURSION = YES;
				CLANG_WARN_INT_CONVERSION = YES;
				CLANG_WARN_NON_LITERAL_NULL_CONVERSION = YES;
				CLANG_WARN_OBJC_IMPLICIT_RETAIN_SELF = YES;
				CLANG_WARN_OBJC_LITERAL_CONVERSION = YES;
				CLANG_WARN_OBJC_ROOT_CLASS = YES_ERROR;
				CLANG_WARN_QUOTED_INCLUDE_IN_FRAMEWORK_HEADER = YES;
				CLANG_WARN_RANGE_LOOP_ANALYSIS = YES;
				CLANG_WARN_STRICT_PROTOTYPES = YES;
				CLANG_WARN_SUSPICIOUS_MOVE = YES;
				CLANG_WARN_UNGUARDED_AVAILABILITY = YES_AGGRESSIVE;
				CLANG_WARN_UNREACHABLE_CODE = YES;
				CLANG_WARN__DUPLICATE_METHOD_MATCH = YES;
				COPY_PHASE_STRIP = NO;
				CURRENT_PROJECT_VERSION = 1;
				DEAD_CODE_STRIPPING = YES;
				DEBUG_INFORMATION_FORMAT = "dwarf-with-dsym";
				ENABLE_NS_ASSERTIONS = NO;
				ENABLE_STRICT_OBJC_MSGSEND = YES;
				GCC_C_LANGUAGE_STANDARD = gnu11;
				GCC_NO_COMMON_BLOCKS = YES;
				GCC_WARN_64_TO_32_BIT_CONVERSION = YES;
				GCC_WARN_ABOUT_RETURN_TYPE = YES_ERROR;
				GCC_WARN_UNDECLARED_SELECTOR = YES;
				GCC_WARN_UNINITIALIZED_AUTOS = YES_AGGRESSIVE;
				GCC_WARN_UNUSED_FUNCTION = YES;
				GCC_WARN_UNUSED_VARIABLE = YES;
				MACOSX_DEPLOYMENT_TARGET = 10.15;
				MTL_ENABLE_DEBUG_INFO = NO;
				MTL_FAST_MATH = YES;
				RUN_DOCUMENTATION_COMPILER = YES;
				SDKROOT = macosx;
				SWIFT_COMPILATION_MODE = wholemodule;
				SWIFT_OPTIMIZATION_LEVEL = "-O";
				VERSIONING_SYSTEM = "apple-generic";
				VERSION_INFO_PREFIX = "";
			};
			name = Release;
		};
		9DF6B74E260F777700C4287C /* Debug */ = {
			isa = XCBuildConfiguration;
			buildSettings = {
				CLANG_ENABLE_MODULES = YES;
				CODE_SIGN_IDENTITY = "";
				CODE_SIGN_STYLE = Automatic;
				COMBINE_HIDPI_IMAGES = YES;
				DEAD_CODE_STRIPPING = YES;
				DEFINES_MODULE = YES;
				DEVELOPMENT_TEAM = M6X558V986;
				DYLIB_COMPATIBILITY_VERSION = 1;
				DYLIB_CURRENT_VERSION = 1;
				DYLIB_INSTALL_NAME_BASE = "@rpath";
				INFOPLIST_FILE = RoUI/Info.plist;
				INSTALL_PATH = "$(LOCAL_LIBRARY_DIR)/Frameworks";
				LD_RUNPATH_SEARCH_PATHS = (
					"$(inherited)",
					"@executable_path/../Frameworks",
					"@loader_path/Frameworks",
				);
				PRODUCT_BUNDLE_IDENTIFIER = ch.broncaglioni.RoUI;
				PRODUCT_NAME = "$(TARGET_NAME:c99extidentifier)";
				SKIP_INSTALL = YES;
				SWIFT_OPTIMIZATION_LEVEL = "-Onone";
				SWIFT_VERSION = 5.0;
			};
			name = Debug;
		};
		9DF6B74F260F777700C4287C /* Release */ = {
			isa = XCBuildConfiguration;
			buildSettings = {
				CLANG_ENABLE_MODULES = YES;
				CODE_SIGN_IDENTITY = "";
				CODE_SIGN_STYLE = Automatic;
				COMBINE_HIDPI_IMAGES = YES;
				DEAD_CODE_STRIPPING = YES;
				DEFINES_MODULE = YES;
				DEVELOPMENT_TEAM = M6X558V986;
				DYLIB_COMPATIBILITY_VERSION = 1;
				DYLIB_CURRENT_VERSION = 1;
				DYLIB_INSTALL_NAME_BASE = "@rpath";
				INFOPLIST_FILE = RoUI/Info.plist;
				INSTALL_PATH = "$(LOCAL_LIBRARY_DIR)/Frameworks";
				LD_RUNPATH_SEARCH_PATHS = (
					"$(inherited)",
					"@executable_path/../Frameworks",
					"@loader_path/Frameworks",
				);
				PRODUCT_BUNDLE_IDENTIFIER = ch.broncaglioni.RoUI;
				PRODUCT_NAME = "$(TARGET_NAME:c99extidentifier)";
				SKIP_INSTALL = YES;
				SWIFT_VERSION = 5.0;
			};
			name = Release;
		};
		9DF6B751260F777700C4287C /* Debug */ = {
			isa = XCBuildConfiguration;
			buildSettings = {
				ALWAYS_EMBED_SWIFT_STANDARD_LIBRARIES = YES;
				CODE_SIGN_STYLE = Automatic;
				COMBINE_HIDPI_IMAGES = YES;
				DEAD_CODE_STRIPPING = YES;
				DEVELOPMENT_TEAM = M6X558V986;
				INFOPLIST_FILE = RoUITests/Info.plist;
				LD_RUNPATH_SEARCH_PATHS = (
					"$(inherited)",
					"@executable_path/../Frameworks",
					"@loader_path/../Frameworks",
				);
				PRODUCT_BUNDLE_IDENTIFIER = ch.broncaglioni.RoUITests;
				PRODUCT_NAME = "$(TARGET_NAME)";
				SWIFT_VERSION = 5.0;
			};
			name = Debug;
		};
		9DF6B752260F777700C4287C /* Release */ = {
			isa = XCBuildConfiguration;
			buildSettings = {
				ALWAYS_EMBED_SWIFT_STANDARD_LIBRARIES = YES;
				CODE_SIGN_STYLE = Automatic;
				COMBINE_HIDPI_IMAGES = YES;
				DEAD_CODE_STRIPPING = YES;
				DEVELOPMENT_TEAM = M6X558V986;
				INFOPLIST_FILE = RoUITests/Info.plist;
				LD_RUNPATH_SEARCH_PATHS = (
					"$(inherited)",
					"@executable_path/../Frameworks",
					"@loader_path/../Frameworks",
				);
				PRODUCT_BUNDLE_IDENTIFIER = ch.broncaglioni.RoUITests;
				PRODUCT_NAME = "$(TARGET_NAME)";
				SWIFT_VERSION = 5.0;
			};
			name = Release;
		};
/* End XCBuildConfiguration section */

/* Begin XCConfigurationList section */
		9DF6B733260F777600C4287C /* Build configuration list for PBXProject "RoUI" */ = {
			isa = XCConfigurationList;
			buildConfigurations = (
				9DF6B74B260F777700C4287C /* Debug */,
				9DF6B74C260F777700C4287C /* Release */,
			);
			defaultConfigurationIsVisible = 0;
			defaultConfigurationName = Release;
		};
		9DF6B74D260F777700C4287C /* Build configuration list for PBXNativeTarget "RoUI" */ = {
			isa = XCConfigurationList;
			buildConfigurations = (
				9DF6B74E260F777700C4287C /* Debug */,
				9DF6B74F260F777700C4287C /* Release */,
			);
			defaultConfigurationIsVisible = 0;
			defaultConfigurationName = Release;
		};
		9DF6B750260F777700C4287C /* Build configuration list for PBXNativeTarget "RoUITests" */ = {
			isa = XCConfigurationList;
			buildConfigurations = (
				9DF6B751260F777700C4287C /* Debug */,
				9DF6B752260F777700C4287C /* Release */,
			);
			defaultConfigurationIsVisible = 0;
			defaultConfigurationName = Release;
		};
/* End XCConfigurationList section */
	};
	rootObject = 9DF6B730260F777600C4287C /* Project object */;
}
